// !$*UTF8*$!
{
	archiveVersion = 1;
	classes = {
	};
	objectVersion = 48;
	objects = {

/* Begin PBXBuildFile section */
		980C11D8218E9CCC00890F27 /* RateKit.framework in Frameworks */ = {isa = PBXBuildFile; fileRef = 980C11D1218E8BA300890F27 /* RateKit.framework */; };
		983CFD35217E104500A91B50 /* ShortcutsKit.framework in Frameworks */ = {isa = PBXBuildFile; fileRef = 983CFD32217E0F5200A91B50 /* ShortcutsKit.framework */; };
		9840AEAC212FBFD300EDB2A3 /* HAFAboutWindowController.swift in Sources */ = {isa = PBXBuildFile; fileRef = 9840AEAB212FBFD300EDB2A3 /* HAFAboutWindowController.swift */; };
		9840AEAF212FC43F00EDB2A3 /* HAFPreferencesWindowController.swift in Sources */ = {isa = PBXBuildFile; fileRef = 9840AEAE212FC43F00EDB2A3 /* HAFPreferencesWindowController.swift */; };
		9862A1352119DC0000760570 /* AppDelegate.swift in Sources */ = {isa = PBXBuildFile; fileRef = 9862A1342119DC0000760570 /* AppDelegate.swift */; };
		9862A1372119DC0000760570 /* Assets.xcassets in Resources */ = {isa = PBXBuildFile; fileRef = 9862A1362119DC0000760570 /* Assets.xcassets */; };
		9862A13A2119DC0000760570 /* MainMenu.xib in Resources */ = {isa = PBXBuildFile; fileRef = 9862A1382119DC0000760570 /* MainMenu.xib */; };
		9862A145211A626C00760570 /* HAFAnimationSequence.swift in Sources */ = {isa = PBXBuildFile; fileRef = 9862A144211A626C00760570 /* HAFAnimationSequence.swift */; };
		9862A147211A628C00760570 /* HAFAnimationView.swift in Sources */ = {isa = PBXBuildFile; fileRef = 9862A146211A628C00760570 /* HAFAnimationView.swift */; };
		98638D1B217F587100836DA6 /* HAFHotkeyManager.swift in Sources */ = {isa = PBXBuildFile; fileRef = 98638D1A217F587100836DA6 /* HAFHotkeyManager.swift */; };
		987BAF882126E7A400EE828E /* Animations in Resources */ = {isa = PBXBuildFile; fileRef = 987BAF872126E7A400EE828E /* Animations */; };
		987BAFC62127E56200EE828E /* HAFTransparentView.m in Sources */ = {isa = PBXBuildFile; fileRef = 987BAFC52127E56200EE828E /* HAFTransparentView.m */; };
		987BAFC82128D78900EE828E /* HAFAnimationWindow.swift in Sources */ = {isa = PBXBuildFile; fileRef = 987BAFC72128D78900EE828E /* HAFAnimationWindow.swift */; };
		987BAFCA2129337700EE828E /* HAFKakaWindowController.swift in Sources */ = {isa = PBXBuildFile; fileRef = 987BAFC92129337700EE828E /* HAFKakaWindowController.swift */; };
		987BE73321948AD900CB8DE3 /* HAFAppAppearanceWindowController.swift in Sources */ = {isa = PBXBuildFile; fileRef = 987BE73221948AD900CB8DE3 /* HAFAppAppearanceWindowController.swift */; };
		987BE73C2195A4B300CB8DE3 /* HAFAppApprearanceButton.swift in Sources */ = {isa = PBXBuildFile; fileRef = 987BE73B2195A4B300CB8DE3 /* HAFAppApprearanceButton.swift */; };
		988A177D2131225F00A89C25 /* HAFConfigureManager.swift in Sources */ = {isa = PBXBuildFile; fileRef = 988A177C2131225F00A89C25 /* HAFConfigureManager.swift */; };
		988A17862131508D00A89C25 /* AppDelegate.swift in Sources */ = {isa = PBXBuildFile; fileRef = 988A17852131508D00A89C25 /* AppDelegate.swift */; };
		988A17882131508D00A89C25 /* Assets.xcassets in Resources */ = {isa = PBXBuildFile; fileRef = 988A17872131508D00A89C25 /* Assets.xcassets */; };
		988A178B2131508E00A89C25 /* MainMenu.xib in Resources */ = {isa = PBXBuildFile; fileRef = 988A17892131508E00A89C25 /* MainMenu.xib */; };
		988A1792213152CE00A89C25 /* LaunchAtLoginHelper.app in CopyFiles */ = {isa = PBXBuildFile; fileRef = 988A17832131508D00A89C25 /* LaunchAtLoginHelper.app */; settings = {ATTRIBUTES = (RemoveHeadersOnCopy, ); }; };
		988A179B2131567500A89C25 /* Localizable.strings in Resources */ = {isa = PBXBuildFile; fileRef = 988A179D2131567500A89C25 /* Localizable.strings */; };
		989CA765211E5D1900E7A004 /* HAFAnimationManager.swift in Sources */ = {isa = PBXBuildFile; fileRef = 989CA764211E5D1900E7A004 /* HAFAnimationManager.swift */; };
		989CA767211FDD1400E7A004 /* HAFKakaObject.swift in Sources */ = {isa = PBXBuildFile; fileRef = 989CA766211FDD1400E7A004 /* HAFKakaObject.swift */; };
		98B73F1C2164984D00D128A9 /* HAFUserBehaviorManager.m in Sources */ = {isa = PBXBuildFile; fileRef = 98B73F1B2164984D00D128A9 /* HAFUserBehaviorManager.m */; };
		98BEFFE0215B9B7B007B10FF /* Tamplates in Resources */ = {isa = PBXBuildFile; fileRef = 98BEFFDF215B9B7B007B10FF /* Tamplates */; };
		98C393F0215777610048D33D /* FinderSync.m in Sources */ = {isa = PBXBuildFile; fileRef = 98C393EF215777610048D33D /* FinderSync.m */; };
		98C393F5215777610048D33D /* FinderPlugin.appex in Embed App Extensions */ = {isa = PBXBuildFile; fileRef = 98C393EC215777600048D33D /* FinderPlugin.appex */; settings = {ATTRIBUTES = (RemoveHeadersOnCopy, ); }; };
		98C393FB215795770048D33D /* ShadowstarKit.framework in Frameworks */ = {isa = PBXBuildFile; fileRef = 98F8F8B2212EF05E00DE612A /* ShadowstarKit.framework */; };
		98C393FE2157DE560048D33D /* Localizable.strings in Resources */ = {isa = PBXBuildFile; fileRef = 98C394002157DE560048D33D /* Localizable.strings */; };
		98C394052158B3A10048D33D /* Assets.xcassets in Resources */ = {isa = PBXBuildFile; fileRef = 98C394042158B3A10048D33D /* Assets.xcassets */; };
		98F8F8B4212EF0D500DE612A /* ShadowstarKit.framework in Frameworks */ = {isa = PBXBuildFile; fileRef = 98F8F8B2212EF05E00DE612A /* ShadowstarKit.framework */; };
/* End PBXBuildFile section */

/* Begin PBXContainerItemProxy section */
		980C11D0218E8BA300890F27 /* PBXContainerItemProxy */ = {
			isa = PBXContainerItemProxy;
			containerPortal = 980C11CB218E8BA300890F27 /* RateKit.xcodeproj */;
			proxyType = 2;
			remoteGlobalIDString = 980C119B218D5D7500890F27;
			remoteInfo = RateKit;
		};
		980C11D2218E8BA300890F27 /* PBXContainerItemProxy */ = {
			isa = PBXContainerItemProxy;
			containerPortal = 980C11CB218E8BA300890F27 /* RateKit.xcodeproj */;
			proxyType = 2;
			remoteGlobalIDString = 980C11AA218D60AC00890F27;
			remoteInfo = RateKitDemo;
		};
		983CFD31217E0F5200A91B50 /* PBXContainerItemProxy */ = {
			isa = PBXContainerItemProxy;
			containerPortal = 983CFD2B217E0F5200A91B50 /* ShortcutsKit.xcodeproj */;
			proxyType = 2;
			remoteGlobalIDString = 98B73F47216CDA8F00D128A9;
			remoteInfo = ShortcutsKit;
		};
		983CFD33217E0F5200A91B50 /* PBXContainerItemProxy */ = {
			isa = PBXContainerItemProxy;
			containerPortal = 983CFD2B217E0F5200A91B50 /* ShortcutsKit.xcodeproj */;
			proxyType = 2;
			remoteGlobalIDString = 98B73F56216CE08A00D128A9;
			remoteInfo = ShortcutsDemo;
		};
		98C393F3215777610048D33D /* PBXContainerItemProxy */ = {
			isa = PBXContainerItemProxy;
			containerPortal = 9862A1292119DC0000760570 /* Project object */;
			proxyType = 1;
			remoteGlobalIDString = 98C393EB215777600048D33D;
			remoteInfo = FinderPlugin;
		};
		98F8F8B1212EF05E00DE612A /* PBXContainerItemProxy */ = {
			isa = PBXContainerItemProxy;
			containerPortal = 98F8F8AD212EF05E00DE612A /* ShadowstarKit.xcodeproj */;
			proxyType = 2;
			remoteGlobalIDString = 98804684205813D100E9E768;
			remoteInfo = ShadowstarKit;
		};
/* End PBXContainerItemProxy section */

/* Begin PBXCopyFilesBuildPhase section */
		988A1791213152C500A89C25 /* CopyFiles */ = {
			isa = PBXCopyFilesBuildPhase;
			buildActionMask = 2147483647;
			dstPath = Contents/Library/LoginItems;
			dstSubfolderSpec = 1;
			files = (
				988A1792213152CE00A89C25 /* LaunchAtLoginHelper.app in CopyFiles */,
			);
			runOnlyForDeploymentPostprocessing = 0;
		};
		98C393FA215777610048D33D /* Embed App Extensions */ = {
			isa = PBXCopyFilesBuildPhase;
			buildActionMask = 2147483647;
			dstPath = "";
			dstSubfolderSpec = 13;
			files = (
				98C393F5215777610048D33D /* FinderPlugin.appex in Embed App Extensions */,
			);
			name = "Embed App Extensions";
			runOnlyForDeploymentPostprocessing = 0;
		};
/* End PBXCopyFilesBuildPhase section */

/* Begin PBXFileReference section */
		980C11CB218E8BA300890F27 /* RateKit.xcodeproj */ = {isa = PBXFileReference; lastKnownFileType = "wrapper.pb-project"; name = RateKit.xcodeproj; path = ../RateKit/RateKit/RateKit.xcodeproj; sourceTree = "<group>"; };
		983CFD2B217E0F5200A91B50 /* ShortcutsKit.xcodeproj */ = {isa = PBXFileReference; lastKnownFileType = "wrapper.pb-project"; name = ShortcutsKit.xcodeproj; path = ../Shortcuts/ShortcutsKit/ShortcutsKit.xcodeproj; sourceTree = "<group>"; };
		9840AEAB212FBFD300EDB2A3 /* HAFAboutWindowController.swift */ = {isa = PBXFileReference; lastKnownFileType = sourcecode.swift; path = HAFAboutWindowController.swift; sourceTree = "<group>"; };
		9840AEAE212FC43F00EDB2A3 /* HAFPreferencesWindowController.swift */ = {isa = PBXFileReference; lastKnownFileType = sourcecode.swift; path = HAFPreferencesWindowController.swift; sourceTree = "<group>"; };
		9862A1312119DC0000760570 /* Kaka.app */ = {isa = PBXFileReference; explicitFileType = wrapper.application; includeInIndex = 0; path = Kaka.app; sourceTree = BUILT_PRODUCTS_DIR; };
		9862A1342119DC0000760570 /* AppDelegate.swift */ = {isa = PBXFileReference; lastKnownFileType = sourcecode.swift; path = AppDelegate.swift; sourceTree = "<group>"; };
		9862A1362119DC0000760570 /* Assets.xcassets */ = {isa = PBXFileReference; lastKnownFileType = folder.assetcatalog; path = Assets.xcassets; sourceTree = "<group>"; };
		9862A1392119DC0000760570 /* Base */ = {isa = PBXFileReference; lastKnownFileType = file.xib; name = Base; path = Base.lproj/MainMenu.xib; sourceTree = "<group>"; };
		9862A13B2119DC0000760570 /* Info.plist */ = {isa = PBXFileReference; lastKnownFileType = text.plist.xml; path = Info.plist; sourceTree = "<group>"; };
		9862A13C2119DC0000760570 /* Kaka.entitlements */ = {isa = PBXFileReference; lastKnownFileType = text.plist.entitlements; path = Kaka.entitlements; sourceTree = "<group>"; };
		9862A144211A626C00760570 /* HAFAnimationSequence.swift */ = {isa = PBXFileReference; lastKnownFileType = sourcecode.swift; path = HAFAnimationSequence.swift; sourceTree = "<group>"; };
		9862A146211A628C00760570 /* HAFAnimationView.swift */ = {isa = PBXFileReference; lastKnownFileType = sourcecode.swift; path = HAFAnimationView.swift; sourceTree = "<group>"; };
		98638D1A217F587100836DA6 /* HAFHotkeyManager.swift */ = {isa = PBXFileReference; lastKnownFileType = sourcecode.swift; path = HAFHotkeyManager.swift; sourceTree = "<group>"; };
		987BAF872126E7A400EE828E /* Animations */ = {isa = PBXFileReference; lastKnownFileType = folder; path = Animations; sourceTree = "<group>"; };
		987BAFC42127E56200EE828E /* HAFTransparentView.h */ = {isa = PBXFileReference; lastKnownFileType = sourcecode.c.h; path = HAFTransparentView.h; sourceTree = "<group>"; };
		987BAFC52127E56200EE828E /* HAFTransparentView.m */ = {isa = PBXFileReference; lastKnownFileType = sourcecode.c.objc; path = HAFTransparentView.m; sourceTree = "<group>"; };
		987BAFC72128D78900EE828E /* HAFAnimationWindow.swift */ = {isa = PBXFileReference; lastKnownFileType = sourcecode.swift; path = HAFAnimationWindow.swift; sourceTree = "<group>"; };
		987BAFC92129337700EE828E /* HAFKakaWindowController.swift */ = {isa = PBXFileReference; lastKnownFileType = sourcecode.swift; path = HAFKakaWindowController.swift; sourceTree = "<group>"; };
		987BAFD2212937DA00EE828E /* Kaka-Bridging-Header.h */ = {isa = PBXFileReference; lastKnownFileType = sourcecode.c.h; path = "Kaka-Bridging-Header.h"; sourceTree = "<group>"; };
		987BE73221948AD900CB8DE3 /* HAFAppAppearanceWindowController.swift */ = {isa = PBXFileReference; lastKnownFileType = sourcecode.swift; path = HAFAppAppearanceWindowController.swift; sourceTree = "<group>"; };
		987BE73B2195A4B300CB8DE3 /* HAFAppApprearanceButton.swift */ = {isa = PBXFileReference; lastKnownFileType = sourcecode.swift; path = HAFAppApprearanceButton.swift; sourceTree = "<group>"; };
		988A177C2131225F00A89C25 /* HAFConfigureManager.swift */ = {isa = PBXFileReference; lastKnownFileType = sourcecode.swift; path = HAFConfigureManager.swift; sourceTree = "<group>"; };
		988A17832131508D00A89C25 /* LaunchAtLoginHelper.app */ = {isa = PBXFileReference; explicitFileType = wrapper.application; includeInIndex = 0; path = LaunchAtLoginHelper.app; sourceTree = BUILT_PRODUCTS_DIR; };
		988A17852131508D00A89C25 /* AppDelegate.swift */ = {isa = PBXFileReference; lastKnownFileType = sourcecode.swift; path = AppDelegate.swift; sourceTree = "<group>"; };
		988A17872131508D00A89C25 /* Assets.xcassets */ = {isa = PBXFileReference; lastKnownFileType = folder.assetcatalog; path = Assets.xcassets; sourceTree = "<group>"; };
		988A178A2131508E00A89C25 /* Base */ = {isa = PBXFileReference; lastKnownFileType = file.xib; name = Base; path = Base.lproj/MainMenu.xib; sourceTree = "<group>"; };
		988A178C2131508E00A89C25 /* Info.plist */ = {isa = PBXFileReference; lastKnownFileType = text.plist.xml; path = Info.plist; sourceTree = "<group>"; };
		988A178D2131508E00A89C25 /* LaunchAtLoginHelper.entitlements */ = {isa = PBXFileReference; lastKnownFileType = text.plist.entitlements; path = LaunchAtLoginHelper.entitlements; sourceTree = "<group>"; };
		988A179C2131567500A89C25 /* en */ = {isa = PBXFileReference; lastKnownFileType = text.plist.strings; name = en; path = en.lproj/Localizable.strings; sourceTree = "<group>"; };
		988A179E2131568300A89C25 /* zh-Hans */ = {isa = PBXFileReference; lastKnownFileType = text.plist.strings; name = "zh-Hans"; path = "zh-Hans.lproj/Localizable.strings"; sourceTree = "<group>"; };
		988A179F2131575F00A89C25 /* zh-Hant */ = {isa = PBXFileReference; lastKnownFileType = text.plist.strings; name = "zh-Hant"; path = "zh-Hant.lproj/Localizable.strings"; sourceTree = "<group>"; };
		989CA764211E5D1900E7A004 /* HAFAnimationManager.swift */ = {isa = PBXFileReference; lastKnownFileType = sourcecode.swift; path = HAFAnimationManager.swift; sourceTree = "<group>"; };
		989CA766211FDD1400E7A004 /* HAFKakaObject.swift */ = {isa = PBXFileReference; lastKnownFileType = sourcecode.swift; path = HAFKakaObject.swift; sourceTree = "<group>"; };
		98B73F1A2164984D00D128A9 /* HAFUserBehaviorManager.h */ = {isa = PBXFileReference; lastKnownFileType = sourcecode.c.h; path = HAFUserBehaviorManager.h; sourceTree = "<group>"; };
		98B73F1B2164984D00D128A9 /* HAFUserBehaviorManager.m */ = {isa = PBXFileReference; lastKnownFileType = sourcecode.c.objc; path = HAFUserBehaviorManager.m; sourceTree = "<group>"; };
		98BEFFDF215B9B7B007B10FF /* Tamplates */ = {isa = PBXFileReference; lastKnownFileType = folder; path = Tamplates; sourceTree = "<group>"; };
		98C393EC215777600048D33D /* FinderPlugin.appex */ = {isa = PBXFileReference; explicitFileType = "wrapper.app-extension"; includeInIndex = 0; path = FinderPlugin.appex; sourceTree = BUILT_PRODUCTS_DIR; };
		98C393EE215777610048D33D /* FinderSync.h */ = {isa = PBXFileReference; lastKnownFileType = sourcecode.c.h; path = FinderSync.h; sourceTree = "<group>"; };
		98C393EF215777610048D33D /* FinderSync.m */ = {isa = PBXFileReference; lastKnownFileType = sourcecode.c.objc; path = FinderSync.m; sourceTree = "<group>"; };
		98C393F1215777610048D33D /* Info.plist */ = {isa = PBXFileReference; lastKnownFileType = text.plist.xml; path = Info.plist; sourceTree = "<group>"; };
		98C393F2215777610048D33D /* FinderPlugin.entitlements */ = {isa = PBXFileReference; lastKnownFileType = text.plist.entitlements; path = FinderPlugin.entitlements; sourceTree = "<group>"; };
		98C393FF2157DE560048D33D /* en */ = {isa = PBXFileReference; lastKnownFileType = text.plist.strings; name = en; path = en.lproj/Localizable.strings; sourceTree = "<group>"; };
		98C394012157DEF20048D33D /* zh-Hans */ = {isa = PBXFileReference; lastKnownFileType = text.plist.strings; name = "zh-Hans"; path = "zh-Hans.lproj/Localizable.strings"; sourceTree = "<group>"; };
		98C394022157DEF70048D33D /* zh-Hant */ = {isa = PBXFileReference; lastKnownFileType = text.plist.strings; name = "zh-Hant"; path = "zh-Hant.lproj/Localizable.strings"; sourceTree = "<group>"; };
		98C394042158B3A10048D33D /* Assets.xcassets */ = {isa = PBXFileReference; lastKnownFileType = folder.assetcatalog; path = Assets.xcassets; sourceTree = "<group>"; };
		98F8F8AD212EF05E00DE612A /* ShadowstarKit.xcodeproj */ = {isa = PBXFileReference; lastKnownFileType = "wrapper.pb-project"; name = ShadowstarKit.xcodeproj; path = ../ShadowstarKit/ShadowstarKit/ShadowstarKit.xcodeproj; sourceTree = "<group>"; };
/* End PBXFileReference section */

/* Begin PBXFrameworksBuildPhase section */
		9862A12E2119DC0000760570 /* Frameworks */ = {
			isa = PBXFrameworksBuildPhase;
			buildActionMask = 2147483647;
			files = (
				980C11D8218E9CCC00890F27 /* RateKit.framework in Frameworks */,
				983CFD35217E104500A91B50 /* ShortcutsKit.framework in Frameworks */,
				98F8F8B4212EF0D500DE612A /* ShadowstarKit.framework in Frameworks */,
			);
			runOnlyForDeploymentPostprocessing = 0;
		};
		988A17802131508D00A89C25 /* Frameworks */ = {
			isa = PBXFrameworksBuildPhase;
			buildActionMask = 2147483647;
			files = (
			);
			runOnlyForDeploymentPostprocessing = 0;
		};
		98C393E9215777600048D33D /* Frameworks */ = {
			isa = PBXFrameworksBuildPhase;
			buildActionMask = 2147483647;
			files = (
				98C393FB215795770048D33D /* ShadowstarKit.framework in Frameworks */,
			);
			runOnlyForDeploymentPostprocessing = 0;
		};
/* End PBXFrameworksBuildPhase section */

/* Begin PBXGroup section */
		980C11CC218E8BA300890F27 /* Products */ = {
			isa = PBXGroup;
			children = (
				980C11D1218E8BA300890F27 /* RateKit.framework */,
				980C11D3218E8BA300890F27 /* RateKitDemo.app */,
			);
			name = Products;
			sourceTree = "<group>";
		};
		983CFD2C217E0F5200A91B50 /* Products */ = {
			isa = PBXGroup;
			children = (
				983CFD32217E0F5200A91B50 /* ShortcutsKit.framework */,
				983CFD34217E0F5200A91B50 /* ShortcutsDemo.app */,
			);
			name = Products;
			sourceTree = "<group>";
		};
		9862A1282119DC0000760570 = {
			isa = PBXGroup;
			children = (
				980C11CB218E8BA300890F27 /* RateKit.xcodeproj */,
				983CFD2B217E0F5200A91B50 /* ShortcutsKit.xcodeproj */,
				98F8F8AD212EF05E00DE612A /* ShadowstarKit.xcodeproj */,
				9862A1332119DC0000760570 /* Kaka */,
				988A17842131508D00A89C25 /* LaunchAtLoginHelper */,
				98C393ED215777610048D33D /* FinderPlugin */,
				9862A1322119DC0000760570 /* Products */,
				98F8F8B3212EF0D500DE612A /* Frameworks */,
			);
			sourceTree = "<group>";
		};
		9862A1322119DC0000760570 /* Products */ = {
			isa = PBXGroup;
			children = (
				9862A1312119DC0000760570 /* Kaka.app */,
				988A17832131508D00A89C25 /* LaunchAtLoginHelper.app */,
				98C393EC215777600048D33D /* FinderPlugin.appex */,
			);
			name = Products;
			sourceTree = "<group>";
		};
		9862A1332119DC0000760570 /* Kaka */ = {
			isa = PBXGroup;
			children = (
				98F8F8BA212F6CF500DE612A /* Controller */,
				98F8F8B6212F6C5C00DE612A /* Model */,
				987BAF872126E7A400EE828E /* Animations */,
				9862A1342119DC0000760570 /* AppDelegate.swift */,
				987BAFC42127E56200EE828E /* HAFTransparentView.h */,
				987BAFC52127E56200EE828E /* HAFTransparentView.m */,
				987BAFC72128D78900EE828E /* HAFAnimationWindow.swift */,
				9862A1362119DC0000760570 /* Assets.xcassets */,
				9862A1382119DC0000760570 /* MainMenu.xib */,
				9862A13B2119DC0000760570 /* Info.plist */,
				9862A13C2119DC0000760570 /* Kaka.entitlements */,
				987BAFD2212937DA00EE828E /* Kaka-Bridging-Header.h */,
				988A179D2131567500A89C25 /* Localizable.strings */,
			);
			path = Kaka;
			sourceTree = "<group>";
		};
		988A17842131508D00A89C25 /* LaunchAtLoginHelper */ = {
			isa = PBXGroup;
			children = (
				988A17852131508D00A89C25 /* AppDelegate.swift */,
				988A17872131508D00A89C25 /* Assets.xcassets */,
				988A17892131508E00A89C25 /* MainMenu.xib */,
				988A178C2131508E00A89C25 /* Info.plist */,
				988A178D2131508E00A89C25 /* LaunchAtLoginHelper.entitlements */,
			);
			path = LaunchAtLoginHelper;
			sourceTree = "<group>";
		};
		98C393ED215777610048D33D /* FinderPlugin */ = {
			isa = PBXGroup;
			children = (
				98BEFFDF215B9B7B007B10FF /* Tamplates */,
				98C393EE215777610048D33D /* FinderSync.h */,
				98C393EF215777610048D33D /* FinderSync.m */,
				98B73F1A2164984D00D128A9 /* HAFUserBehaviorManager.h */,
				98B73F1B2164984D00D128A9 /* HAFUserBehaviorManager.m */,
				98C393F1215777610048D33D /* Info.plist */,
				98C393F2215777610048D33D /* FinderPlugin.entitlements */,
				98C394002157DE560048D33D /* Localizable.strings */,
				98C394042158B3A10048D33D /* Assets.xcassets */,
			);
			path = FinderPlugin;
			sourceTree = "<group>";
		};
		98F8F8AE212EF05E00DE612A /* Products */ = {
			isa = PBXGroup;
			children = (
				98F8F8B2212EF05E00DE612A /* ShadowstarKit.framework */,
			);
			name = Products;
			sourceTree = "<group>";
		};
		98F8F8B3212EF0D500DE612A /* Frameworks */ = {
			isa = PBXGroup;
			children = (
			);
			name = Frameworks;
			sourceTree = "<group>";
		};
		98F8F8B6212F6C5C00DE612A /* Model */ = {
			isa = PBXGroup;
			children = (
				989CA766211FDD1400E7A004 /* HAFKakaObject.swift */,
				9862A144211A626C00760570 /* HAFAnimationSequence.swift */,
				989CA764211E5D1900E7A004 /* HAFAnimationManager.swift */,
				9862A146211A628C00760570 /* HAFAnimationView.swift */,
				988A177C2131225F00A89C25 /* HAFConfigureManager.swift */,
				98638D1A217F587100836DA6 /* HAFHotkeyManager.swift */,
				987BE73B2195A4B300CB8DE3 /* HAFAppApprearanceButton.swift */,
			);
			name = Model;
			sourceTree = "<group>";
		};
		98F8F8BA212F6CF500DE612A /* Controller */ = {
			isa = PBXGroup;
			children = (
				987BAFC92129337700EE828E /* HAFKakaWindowController.swift */,
				9840AEAB212FBFD300EDB2A3 /* HAFAboutWindowController.swift */,
				9840AEAE212FC43F00EDB2A3 /* HAFPreferencesWindowController.swift */,
				987BE73221948AD900CB8DE3 /* HAFAppAppearanceWindowController.swift */,
			);
			name = Controller;
			sourceTree = "<group>";
		};
/* End PBXGroup section */

/* Begin PBXNativeTarget section */
		9862A1302119DC0000760570 /* Kaka */ = {
			isa = PBXNativeTarget;
			buildConfigurationList = 9862A13F2119DC0000760570 /* Build configuration list for PBXNativeTarget "Kaka" */;
			buildPhases = (
				9862A12D2119DC0000760570 /* Sources */,
				9862A12E2119DC0000760570 /* Frameworks */,
				9862A12F2119DC0000760570 /* Resources */,
				988A1791213152C500A89C25 /* CopyFiles */,
				98C393FA215777610048D33D /* Embed App Extensions */,
			);
			buildRules = (
			);
			dependencies = (
				98C393F4215777610048D33D /* PBXTargetDependency */,
			);
			name = Kaka;
			productName = Kaka;
			productReference = 9862A1312119DC0000760570 /* Kaka.app */;
			productType = "com.apple.product-type.application";
		};
		988A17822131508D00A89C25 /* LaunchAtLoginHelper */ = {
			isa = PBXNativeTarget;
			buildConfigurationList = 988A178E2131508E00A89C25 /* Build configuration list for PBXNativeTarget "LaunchAtLoginHelper" */;
			buildPhases = (
				988A177F2131508D00A89C25 /* Sources */,
				988A17802131508D00A89C25 /* Frameworks */,
				988A17812131508D00A89C25 /* Resources */,
			);
			buildRules = (
			);
			dependencies = (
			);
			name = LaunchAtLoginHelper;
			productName = LaunchAtLoginHelper;
			productReference = 988A17832131508D00A89C25 /* LaunchAtLoginHelper.app */;
			productType = "com.apple.product-type.application";
		};
		98C393EB215777600048D33D /* FinderPlugin */ = {
			isa = PBXNativeTarget;
			buildConfigurationList = 98C393F9215777610048D33D /* Build configuration list for PBXNativeTarget "FinderPlugin" */;
			buildPhases = (
				98C393E8215777600048D33D /* Sources */,
				98C393E9215777600048D33D /* Frameworks */,
				98C393EA215777600048D33D /* Resources */,
			);
			buildRules = (
			);
			dependencies = (
			);
			name = FinderPlugin;
			productName = FinderPlugin;
			productReference = 98C393EC215777600048D33D /* FinderPlugin.appex */;
			productType = "com.apple.product-type.app-extension";
		};
/* End PBXNativeTarget section */

/* Begin PBXProject section */
		9862A1292119DC0000760570 /* Project object */ = {
			isa = PBXProject;
			attributes = {
				LastSwiftUpdateCheck = 0910;
				LastUpgradeCheck = 0910;
				ORGANIZATIONNAME = Jovi;
				TargetAttributes = {
					9862A1302119DC0000760570 = {
						CreatedOnToolsVersion = 9.1;
						LastSwiftMigration = 0910;
						ProvisioningStyle = Automatic;
						SystemCapabilities = {
							com.apple.Sandbox = {
								enabled = 1;
							};
						};
					};
					988A17822131508D00A89C25 = {
						CreatedOnToolsVersion = 9.1;
						ProvisioningStyle = Automatic;
					};
					98C393EB215777600048D33D = {
						CreatedOnToolsVersion = 9.1;
						ProvisioningStyle = Automatic;
					};
				};
			};
			buildConfigurationList = 9862A12C2119DC0000760570 /* Build configuration list for PBXProject "Kaka" */;
			compatibilityVersion = "Xcode 8.0";
			developmentRegion = en;
			hasScannedForEncodings = 0;
			knownRegions = (
				en,
				Base,
				"zh-Hans",
				"zh-Hant",
			);
			mainGroup = 9862A1282119DC0000760570;
			productRefGroup = 9862A1322119DC0000760570 /* Products */;
			projectDirPath = "";
			projectReferences = (
				{
					ProductGroup = 980C11CC218E8BA300890F27 /* Products */;
					ProjectRef = 980C11CB218E8BA300890F27 /* RateKit.xcodeproj */;
				},
				{
					ProductGroup = 98F8F8AE212EF05E00DE612A /* Products */;
					ProjectRef = 98F8F8AD212EF05E00DE612A /* ShadowstarKit.xcodeproj */;
				},
				{
					ProductGroup = 983CFD2C217E0F5200A91B50 /* Products */;
					ProjectRef = 983CFD2B217E0F5200A91B50 /* ShortcutsKit.xcodeproj */;
				},
			);
			projectRoot = "";
			targets = (
				9862A1302119DC0000760570 /* Kaka */,
				988A17822131508D00A89C25 /* LaunchAtLoginHelper */,
				98C393EB215777600048D33D /* FinderPlugin */,
			);
		};
/* End PBXProject section */

/* Begin PBXReferenceProxy section */
		980C11D1218E8BA300890F27 /* RateKit.framework */ = {
			isa = PBXReferenceProxy;
			fileType = wrapper.framework;
			path = RateKit.framework;
			remoteRef = 980C11D0218E8BA300890F27 /* PBXContainerItemProxy */;
			sourceTree = BUILT_PRODUCTS_DIR;
		};
		980C11D3218E8BA300890F27 /* RateKitDemo.app */ = {
			isa = PBXReferenceProxy;
			fileType = wrapper.application;
			path = RateKitDemo.app;
			remoteRef = 980C11D2218E8BA300890F27 /* PBXContainerItemProxy */;
			sourceTree = BUILT_PRODUCTS_DIR;
		};
		983CFD32217E0F5200A91B50 /* ShortcutsKit.framework */ = {
			isa = PBXReferenceProxy;
			fileType = wrapper.framework;
			path = ShortcutsKit.framework;
			remoteRef = 983CFD31217E0F5200A91B50 /* PBXContainerItemProxy */;
			sourceTree = BUILT_PRODUCTS_DIR;
		};
		983CFD34217E0F5200A91B50 /* ShortcutsDemo.app */ = {
			isa = PBXReferenceProxy;
			fileType = wrapper.application;
			path = ShortcutsDemo.app;
			remoteRef = 983CFD33217E0F5200A91B50 /* PBXContainerItemProxy */;
			sourceTree = BUILT_PRODUCTS_DIR;
		};
		98F8F8B2212EF05E00DE612A /* ShadowstarKit.framework */ = {
			isa = PBXReferenceProxy;
			fileType = wrapper.framework;
			path = ShadowstarKit.framework;
			remoteRef = 98F8F8B1212EF05E00DE612A /* PBXContainerItemProxy */;
			sourceTree = BUILT_PRODUCTS_DIR;
		};
/* End PBXReferenceProxy section */

/* Begin PBXResourcesBuildPhase section */
		9862A12F2119DC0000760570 /* Resources */ = {
			isa = PBXResourcesBuildPhase;
			buildActionMask = 2147483647;
			files = (
				987BAF882126E7A400EE828E /* Animations in Resources */,
				988A179B2131567500A89C25 /* Localizable.strings in Resources */,
				9862A1372119DC0000760570 /* Assets.xcassets in Resources */,
				9862A13A2119DC0000760570 /* MainMenu.xib in Resources */,
			);
			runOnlyForDeploymentPostprocessing = 0;
		};
		988A17812131508D00A89C25 /* Resources */ = {
			isa = PBXResourcesBuildPhase;
			buildActionMask = 2147483647;
			files = (
				988A17882131508D00A89C25 /* Assets.xcassets in Resources */,
				988A178B2131508E00A89C25 /* MainMenu.xib in Resources */,
			);
			runOnlyForDeploymentPostprocessing = 0;
		};
		98C393EA215777600048D33D /* Resources */ = {
			isa = PBXResourcesBuildPhase;
			buildActionMask = 2147483647;
			files = (
				98BEFFE0215B9B7B007B10FF /* Tamplates in Resources */,
				98C394052158B3A10048D33D /* Assets.xcassets in Resources */,
				98C393FE2157DE560048D33D /* Localizable.strings in Resources */,
			);
			runOnlyForDeploymentPostprocessing = 0;
		};
/* End PBXResourcesBuildPhase section */

/* Begin PBXSourcesBuildPhase section */
		9862A12D2119DC0000760570 /* Sources */ = {
			isa = PBXSourcesBuildPhase;
			buildActionMask = 2147483647;
			files = (
				987BAFC82128D78900EE828E /* HAFAnimationWindow.swift in Sources */,
				989CA767211FDD1400E7A004 /* HAFKakaObject.swift in Sources */,
				9862A1352119DC0000760570 /* AppDelegate.swift in Sources */,
				9862A145211A626C00760570 /* HAFAnimationSequence.swift in Sources */,
				989CA765211E5D1900E7A004 /* HAFAnimationManager.swift in Sources */,
				9862A147211A628C00760570 /* HAFAnimationView.swift in Sources */,
				9840AEAC212FBFD300EDB2A3 /* HAFAboutWindowController.swift in Sources */,
				987BAFC62127E56200EE828E /* HAFTransparentView.m in Sources */,
				988A177D2131225F00A89C25 /* HAFConfigureManager.swift in Sources */,
				987BE73321948AD900CB8DE3 /* HAFAppAppearanceWindowController.swift in Sources */,
				987BE73C2195A4B300CB8DE3 /* HAFAppApprearanceButton.swift in Sources */,
				9840AEAF212FC43F00EDB2A3 /* HAFPreferencesWindowController.swift in Sources */,
				987BAFCA2129337700EE828E /* HAFKakaWindowController.swift in Sources */,
				98638D1B217F587100836DA6 /* HAFHotkeyManager.swift in Sources */,
			);
			runOnlyForDeploymentPostprocessing = 0;
		};
		988A177F2131508D00A89C25 /* Sources */ = {
			isa = PBXSourcesBuildPhase;
			buildActionMask = 2147483647;
			files = (
				988A17862131508D00A89C25 /* AppDelegate.swift in Sources */,
			);
			runOnlyForDeploymentPostprocessing = 0;
		};
		98C393E8215777600048D33D /* Sources */ = {
			isa = PBXSourcesBuildPhase;
			buildActionMask = 2147483647;
			files = (
				98B73F1C2164984D00D128A9 /* HAFUserBehaviorManager.m in Sources */,
				98C393F0215777610048D33D /* FinderSync.m in Sources */,
			);
			runOnlyForDeploymentPostprocessing = 0;
		};
/* End PBXSourcesBuildPhase section */

/* Begin PBXTargetDependency section */
		98C393F4215777610048D33D /* PBXTargetDependency */ = {
			isa = PBXTargetDependency;
			target = 98C393EB215777600048D33D /* FinderPlugin */;
			targetProxy = 98C393F3215777610048D33D /* PBXContainerItemProxy */;
		};
/* End PBXTargetDependency section */

/* Begin PBXVariantGroup section */
		9862A1382119DC0000760570 /* MainMenu.xib */ = {
			isa = PBXVariantGroup;
			children = (
				9862A1392119DC0000760570 /* Base */,
			);
			name = MainMenu.xib;
			sourceTree = "<group>";
		};
		988A17892131508E00A89C25 /* MainMenu.xib */ = {
			isa = PBXVariantGroup;
			children = (
				988A178A2131508E00A89C25 /* Base */,
			);
			name = MainMenu.xib;
			sourceTree = "<group>";
		};
		988A179D2131567500A89C25 /* Localizable.strings */ = {
			isa = PBXVariantGroup;
			children = (
				988A179C2131567500A89C25 /* en */,
				988A179E2131568300A89C25 /* zh-Hans */,
				988A179F2131575F00A89C25 /* zh-Hant */,
			);
			name = Localizable.strings;
			sourceTree = "<group>";
		};
		98C394002157DE560048D33D /* Localizable.strings */ = {
			isa = PBXVariantGroup;
			children = (
				98C393FF2157DE560048D33D /* en */,
				98C394012157DEF20048D33D /* zh-Hans */,
				98C394022157DEF70048D33D /* zh-Hant */,
			);
			name = Localizable.strings;
			sourceTree = "<group>";
		};
/* End PBXVariantGroup section */

/* Begin XCBuildConfiguration section */
		9862A13D2119DC0000760570 /* Debug */ = {
			isa = XCBuildConfiguration;
			buildSettings = {
				ALWAYS_SEARCH_USER_PATHS = NO;
				CLANG_ANALYZER_LOCALIZABILITY_NONLOCALIZED = YES;
				CLANG_ANALYZER_NONNULL = YES;
				CLANG_ANALYZER_NUMBER_OBJECT_CONVERSION = YES_AGGRESSIVE;
				CLANG_CXX_LANGUAGE_STANDARD = "gnu++14";
				CLANG_CXX_LIBRARY = "libc++";
				CLANG_ENABLE_MODULES = YES;
				CLANG_ENABLE_OBJC_ARC = YES;
				CLANG_WARN_BLOCK_CAPTURE_AUTORELEASING = YES;
				CLANG_WARN_BOOL_CONVERSION = YES;
				CLANG_WARN_COMMA = YES;
				CLANG_WARN_CONSTANT_CONVERSION = YES;
				CLANG_WARN_DIRECT_OBJC_ISA_USAGE = YES_ERROR;
				CLANG_WARN_DOCUMENTATION_COMMENTS = YES;
				CLANG_WARN_EMPTY_BODY = YES;
				CLANG_WARN_ENUM_CONVERSION = YES;
				CLANG_WARN_INFINITE_RECURSION = YES;
				CLANG_WARN_INT_CONVERSION = YES;
				CLANG_WARN_NON_LITERAL_NULL_CONVERSION = YES;
				CLANG_WARN_OBJC_LITERAL_CONVERSION = YES;
				CLANG_WARN_OBJC_ROOT_CLASS = YES_ERROR;
				CLANG_WARN_RANGE_LOOP_ANALYSIS = YES;
				CLANG_WARN_STRICT_PROTOTYPES = YES;
				CLANG_WARN_SUSPICIOUS_MOVE = YES;
				CLANG_WARN_UNGUARDED_AVAILABILITY = YES_AGGRESSIVE;
				CLANG_WARN_UNREACHABLE_CODE = YES;
				CLANG_WARN__DUPLICATE_METHOD_MATCH = YES;
				CODE_SIGN_IDENTITY = "-";
				COPY_PHASE_STRIP = NO;
				DEBUG_INFORMATION_FORMAT = dwarf;
				ENABLE_STRICT_OBJC_MSGSEND = YES;
				ENABLE_TESTABILITY = YES;
				GCC_C_LANGUAGE_STANDARD = gnu11;
				GCC_DYNAMIC_NO_PIC = NO;
				GCC_NO_COMMON_BLOCKS = YES;
				GCC_OPTIMIZATION_LEVEL = 0;
				GCC_PREPROCESSOR_DEFINITIONS = (
					"DEBUG=1",
					"$(inherited)",
				);
				GCC_WARN_64_TO_32_BIT_CONVERSION = YES;
				GCC_WARN_ABOUT_RETURN_TYPE = YES_ERROR;
				GCC_WARN_UNDECLARED_SELECTOR = YES;
				GCC_WARN_UNINITIALIZED_AUTOS = YES_AGGRESSIVE;
				GCC_WARN_UNUSED_FUNCTION = YES;
				GCC_WARN_UNUSED_VARIABLE = YES;
				MACOSX_DEPLOYMENT_TARGET = 10.13;
				MTL_ENABLE_DEBUG_INFO = YES;
				ONLY_ACTIVE_ARCH = YES;
				SDKROOT = macosx;
				SWIFT_ACTIVE_COMPILATION_CONDITIONS = DEBUG;
				SWIFT_OPTIMIZATION_LEVEL = "-Onone";
			};
			name = Debug;
		};
		9862A13E2119DC0000760570 /* Release */ = {
			isa = XCBuildConfiguration;
			buildSettings = {
				ALWAYS_SEARCH_USER_PATHS = NO;
				CLANG_ANALYZER_LOCALIZABILITY_NONLOCALIZED = YES;
				CLANG_ANALYZER_NONNULL = YES;
				CLANG_ANALYZER_NUMBER_OBJECT_CONVERSION = YES_AGGRESSIVE;
				CLANG_CXX_LANGUAGE_STANDARD = "gnu++14";
				CLANG_CXX_LIBRARY = "libc++";
				CLANG_ENABLE_MODULES = YES;
				CLANG_ENABLE_OBJC_ARC = YES;
				CLANG_WARN_BLOCK_CAPTURE_AUTORELEASING = YES;
				CLANG_WARN_BOOL_CONVERSION = YES;
				CLANG_WARN_COMMA = YES;
				CLANG_WARN_CONSTANT_CONVERSION = YES;
				CLANG_WARN_DIRECT_OBJC_ISA_USAGE = YES_ERROR;
				CLANG_WARN_DOCUMENTATION_COMMENTS = YES;
				CLANG_WARN_EMPTY_BODY = YES;
				CLANG_WARN_ENUM_CONVERSION = YES;
				CLANG_WARN_INFINITE_RECURSION = YES;
				CLANG_WARN_INT_CONVERSION = YES;
				CLANG_WARN_NON_LITERAL_NULL_CONVERSION = YES;
				CLANG_WARN_OBJC_LITERAL_CONVERSION = YES;
				CLANG_WARN_OBJC_ROOT_CLASS = YES_ERROR;
				CLANG_WARN_RANGE_LOOP_ANALYSIS = YES;
				CLANG_WARN_STRICT_PROTOTYPES = YES;
				CLANG_WARN_SUSPICIOUS_MOVE = YES;
				CLANG_WARN_UNGUARDED_AVAILABILITY = YES_AGGRESSIVE;
				CLANG_WARN_UNREACHABLE_CODE = YES;
				CLANG_WARN__DUPLICATE_METHOD_MATCH = YES;
				CODE_SIGN_IDENTITY = "-";
				COPY_PHASE_STRIP = NO;
				DEBUG_INFORMATION_FORMAT = "dwarf-with-dsym";
				ENABLE_NS_ASSERTIONS = NO;
				ENABLE_STRICT_OBJC_MSGSEND = YES;
				GCC_C_LANGUAGE_STANDARD = gnu11;
				GCC_NO_COMMON_BLOCKS = YES;
				GCC_WARN_64_TO_32_BIT_CONVERSION = YES;
				GCC_WARN_ABOUT_RETURN_TYPE = YES_ERROR;
				GCC_WARN_UNDECLARED_SELECTOR = YES;
				GCC_WARN_UNINITIALIZED_AUTOS = YES_AGGRESSIVE;
				GCC_WARN_UNUSED_FUNCTION = YES;
				GCC_WARN_UNUSED_VARIABLE = YES;
				MACOSX_DEPLOYMENT_TARGET = 10.13;
				MTL_ENABLE_DEBUG_INFO = NO;
				SDKROOT = macosx;
				SWIFT_OPTIMIZATION_LEVEL = "-Owholemodule";
			};
			name = Release;
		};
		9862A1402119DC0000760570 /* Debug */ = {
			isa = XCBuildConfiguration;
			buildSettings = {
				ASSETCATALOG_COMPILER_APPICON_NAME = AppIcon;
				CLANG_ENABLE_MODULES = YES;
				CODE_SIGN_ENTITLEMENTS = Kaka/Kaka.entitlements;
				CODE_SIGN_IDENTITY = "Mac Developer";
				CODE_SIGN_STYLE = Automatic;
				COMBINE_HIDPI_IMAGES = YES;
				CONFIGURATION_BUILD_DIR = "$(BUILD_DIR)/Output";
				DEVELOPMENT_TEAM = 9P895LY647;
				INFOPLIST_FILE = Kaka/Info.plist;
				LD_RUNPATH_SEARCH_PATHS = "$(inherited) @executable_path/../Frameworks";
				MACOSX_DEPLOYMENT_TARGET = 10.10;
				ONLY_ACTIVE_ARCH = YES;
				PRODUCT_BUNDLE_IDENTIFIER = com.HyperartFlow.Kaka;
				PRODUCT_NAME = "$(TARGET_NAME)";
				PROVISIONING_PROFILE_SPECIFIER = "";
				SWIFT_OBJC_BRIDGING_HEADER = "Kaka/Kaka-Bridging-Header.h";
				SWIFT_OPTIMIZATION_LEVEL = "-Onone";
				SWIFT_VERSION = 4.0;
				USER_HEADER_SEARCH_PATHS = "$(SRCROOT)/Build/Products/Output";
			};
			name = Debug;
		};
		9862A1412119DC0000760570 /* Release */ = {
			isa = XCBuildConfiguration;
			buildSettings = {
				ASSETCATALOG_COMPILER_APPICON_NAME = AppIcon;
				CLANG_ENABLE_MODULES = YES;
				CODE_SIGN_ENTITLEMENTS = Kaka/Kaka.entitlements;
				CODE_SIGN_IDENTITY = "Mac Developer";
				CODE_SIGN_STYLE = Automatic;
				COMBINE_HIDPI_IMAGES = YES;
				CONFIGURATION_BUILD_DIR = "$(BUILD_DIR)/Output";
				DEVELOPMENT_TEAM = 9P895LY647;
				INFOPLIST_FILE = Kaka/Info.plist;
				LD_RUNPATH_SEARCH_PATHS = "$(inherited) @executable_path/../Frameworks";
				MACOSX_DEPLOYMENT_TARGET = 10.10;
				ONLY_ACTIVE_ARCH = YES;
				PRODUCT_BUNDLE_IDENTIFIER = com.HyperartFlow.Kaka;
				PRODUCT_NAME = "$(TARGET_NAME)";
				PROVISIONING_PROFILE_SPECIFIER = "";
				SWIFT_OBJC_BRIDGING_HEADER = "Kaka/Kaka-Bridging-Header.h";
				SWIFT_VERSION = 4.0;
				USER_HEADER_SEARCH_PATHS = "$(SRCROOT)/Build/Products/Output";
			};
			name = Release;
		};
		988A178F2131508E00A89C25 /* Debug */ = {
			isa = XCBuildConfiguration;
			buildSettings = {
				ASSETCATALOG_COMPILER_APPICON_NAME = AppIcon;
				CODE_SIGN_ENTITLEMENTS = LaunchAtLoginHelper/LaunchAtLoginHelper.entitlements;
				CODE_SIGN_IDENTITY = "Mac Developer";
				CODE_SIGN_STYLE = Automatic;
				COMBINE_HIDPI_IMAGES = YES;
				CONFIGURATION_BUILD_DIR = "$(BUILD_DIR)/Output";
				DEVELOPMENT_TEAM = 9P895LY647;
				INFOPLIST_FILE = LaunchAtLoginHelper/Info.plist;
				LD_RUNPATH_SEARCH_PATHS = "$(inherited) @executable_path/../Frameworks";
				MACOSX_DEPLOYMENT_TARGET = 10.10;
				ONLY_ACTIVE_ARCH = YES;
				PRODUCT_BUNDLE_IDENTIFIER = com.HyperartFlow.Kaka.launchAtLoginHelper;
				PRODUCT_NAME = "$(TARGET_NAME)";
				SKIP_INSTALL = YES;
				SWIFT_VERSION = 4.0;
			};
			name = Debug;
		};
		988A17902131508E00A89C25 /* Release */ = {
			isa = XCBuildConfiguration;
			buildSettings = {
				ASSETCATALOG_COMPILER_APPICON_NAME = AppIcon;
				CODE_SIGN_ENTITLEMENTS = LaunchAtLoginHelper/LaunchAtLoginHelper.entitlements;
				CODE_SIGN_IDENTITY = "Mac Developer";
				CODE_SIGN_STYLE = Automatic;
				COMBINE_HIDPI_IMAGES = YES;
				CONFIGURATION_BUILD_DIR = "$(BUILD_DIR)/Output";
				DEVELOPMENT_TEAM = 9P895LY647;
				INFOPLIST_FILE = LaunchAtLoginHelper/Info.plist;
				LD_RUNPATH_SEARCH_PATHS = "$(inherited) @executable_path/../Frameworks";
				MACOSX_DEPLOYMENT_TARGET = 10.10;
				ONLY_ACTIVE_ARCH = YES;
				PRODUCT_BUNDLE_IDENTIFIER = com.HyperartFlow.Kaka.launchAtLoginHelper;
				PRODUCT_NAME = "$(TARGET_NAME)";
				SKIP_INSTALL = YES;
				SWIFT_VERSION = 4.0;
			};
			name = Release;
		};
		98C393F6215777610048D33D /* Debug */ = {
			isa = XCBuildConfiguration;
			buildSettings = {
				CODE_SIGN_ENTITLEMENTS = FinderPlugin/FinderPlugin.entitlements;
				CODE_SIGN_IDENTITY = "Mac Developer";
				CODE_SIGN_STYLE = Automatic;
				COMBINE_HIDPI_IMAGES = YES;
				CONFIGURATION_BUILD_DIR = "$(BUILD_DIR)/Output";
				DEVELOPMENT_TEAM = 9P895LY647;
				INFOPLIST_FILE = FinderPlugin/Info.plist;
				LD_RUNPATH_SEARCH_PATHS = "$(inherited) @executable_path/../Frameworks @executable_path/../../../../Frameworks";
				MACOSX_DEPLOYMENT_TARGET = 10.10;
				ONLY_ACTIVE_ARCH = YES;
				PRODUCT_BUNDLE_IDENTIFIER = com.HyperartFlow.Kaka.FinderPlugin;
				PRODUCT_NAME = "$(TARGET_NAME)";
				SKIP_INSTALL = YES;
			};
			name = Debug;
		};
		98C393F7215777610048D33D /* Release */ = {
			isa = XCBuildConfiguration;
			buildSettings = {
				CODE_SIGN_ENTITLEMENTS = FinderPlugin/FinderPlugin.entitlements;
				CODE_SIGN_IDENTITY = "Mac Developer";
				CODE_SIGN_STYLE = Automatic;
				COMBINE_HIDPI_IMAGES = YES;
				CONFIGURATION_BUILD_DIR = "$(BUILD_DIR)/Output";
				DEVELOPMENT_TEAM = 9P895LY647;
				INFOPLIST_FILE = FinderPlugin/Info.plist;
				LD_RUNPATH_SEARCH_PATHS = "$(inherited) @executable_path/../Frameworks @executable_path/../../../../Frameworks";
				MACOSX_DEPLOYMENT_TARGET = 10.10;
				ONLY_ACTIVE_ARCH = YES;
				PRODUCT_BUNDLE_IDENTIFIER = com.HyperartFlow.Kaka.FinderPlugin;
				PRODUCT_NAME = "$(TARGET_NAME)";
				SKIP_INSTALL = YES;
			};
			name = Release;
		};
/* End XCBuildConfiguration section */

/* Begin XCConfigurationList section */
		9862A12C2119DC0000760570 /* Build configuration list for PBXProject "Kaka" */ = {
			isa = XCConfigurationList;
			buildConfigurations = (
				9862A13D2119DC0000760570 /* Debug */,
				9862A13E2119DC0000760570 /* Release */,
			);
			defaultConfigurationIsVisible = 0;
			defaultConfigurationName = Release;
		};
		9862A13F2119DC0000760570 /* Build configuration list for PBXNativeTarget "Kaka" */ = {
			isa = XCConfigurationList;
			buildConfigurations = (
				9862A1402119DC0000760570 /* Debug */,
				9862A1412119DC0000760570 /* Release */,
			);
			defaultConfigurationIsVisible = 0;
			defaultConfigurationName = Release;
		};
		988A178E2131508E00A89C25 /* Build configuration list for PBXNativeTarget "LaunchAtLoginHelper" */ = {
			isa = XCConfigurationList;
			buildConfigurations = (
				988A178F2131508E00A89C25 /* Debug */,
				988A17902131508E00A89C25 /* Release */,
			);
			defaultConfigurationIsVisible = 0;
			defaultConfigurationName = Release;
		};
		98C393F9215777610048D33D /* Build configuration list for PBXNativeTarget "FinderPlugin" */ = {
			isa = XCConfigurationList;
			buildConfigurations = (
				98C393F6215777610048D33D /* Debug */,
				98C393F7215777610048D33D /* Release */,
			);
			defaultConfigurationIsVisible = 0;
			defaultConfigurationName = Release;
		};
/* End XCConfigurationList section */
	};
	rootObject = 9862A1292119DC0000760570 /* Project object */;
}
